
Microsoft Visual Studio Solution File, Format Version 12.00
# Visual Studio 2013
VisualStudioVersion = 12.0.40629.0
MinimumVisualStudioVersion = 10.0.40219.1
Project("{FAE04EC0-301F-11D3-BF4B-00C04F79EFBC}") = "GitAspx", "GitAspx\GitAspx.csproj", "{3A732219-72CE-49B8-84F6-FE74E3762EE7}"
EndProject
Project("{FAE04EC0-301F-11D3-BF4B-00C04F79EFBC}") = "GitAspx.Tests", "GitAspx.Tests\GitAspx.Tests.csproj", "{A1C3A88B-8C35-4677-B83F-E61FEAAD604A}"
EndProject
Project("{FAE04EC0-301F-11D3-BF4B-00C04F79EFBC}") = "NGit", "lib\NGit\NGit\NGit.csproj", "{E3BFF8B4-189C-496A-A817-7E8B31E22B91}"
EndProject
Project("{FAE04EC0-301F-11D3-BF4B-00C04F79EFBC}") = "NSch", "lib\NGit\NSch\NSch.csproj", "{A19E6F3F-A25B-4B01-8922-CF0CC35C781D}"
EndProject
Project("{FAE04EC0-301F-11D3-BF4B-00C04F79EFBC}") = "Sharpen", "lib\NGit\Sharpen\Sharpen.csproj", "{72944A6C-45FF-4EF8-B349-8C9CABF519D4}"
EndProject
Project("{FAE04EC0-301F-11D3-BF4B-00C04F79EFBC}") = "MvcHttp", "MvcHttp\MvcHttp.csproj", "{319FB69F-6C2B-4697-8B53-1B48DC18AC32}"
EndProject
Project("{2150E333-8FDC-42A3-9474-1A3956D46DE8}") = "Solution Items", "Solution Items", "{0051019B-4DC8-4828-9D35-A6CA0C532C18}"
	ProjectSection(SolutionItems) = preProject
		Build.cmd = Build.cmd
		README.md = README.md
	EndProjectSection
EndProject
Project("{2150E333-8FDC-42A3-9474-1A3956D46DE8}") = "Lib", "Lib", "{D80D880C-82A4-468E-8006-0D73A0F73665}"
	ProjectSection(SolutionItems) = preProject
		lib\GitSharp\build.cmd = lib\GitSharp\build.cmd
		lib\NGit\build.cmd = lib\NGit\build.cmd
	EndProjectSection
EndProject
Project("{FAE04EC0-301F-11D3-BF4B-00C04F79EFBC}") = "Git", "lib\GitSharp\Git\Git.csproj", "{2A467118-E885-44FC-B7AF-DFAD937F6012}"
EndProject
Project("{FAE04EC0-301F-11D3-BF4B-00C04F79EFBC}") = "GitSharp.Core", "lib\GitSharp\GitSharp.Core\GitSharp.Core.csproj", "{C46EDD61-C202-465A-93F1-ADE20A83BB59}"
EndProject
Project("{FAE04EC0-301F-11D3-BF4B-00C04F79EFBC}") = "GitSharp", "lib\GitSharp\GitSharp\GitSharp.csproj", "{7311850F-619A-4241-B09F-157792C75FBA}"
EndProject
Project("{FAE04EC0-301F-11D3-BF4B-00C04F79EFBC}") = "System.Web.Mvc", "..\Mvc\src\System.Web.Mvc\System.Web.Mvc.csproj", "{3D3FFD8A-624D-4E9B-954B-E1C105507975}"
EndProject
Project("{2150E333-8FDC-42A3-9474-1A3956D46DE8}") = "Lib.Mvc", "Lib.Mvc", "{44166DA6-7592-42A4-AD9C-899D0640EF2B}"
EndProject
Project("{FAE04EC0-301F-11D3-BF4B-00C04F79EFBC}") = "Microsoft.Web.Infrastructure", "..\Mvc\vendor\Microsoft.Web.Infrastructure\Microsoft.Web.Infrastructure.csproj", "{50DC9191-2D18-4EDB-A929-4ECAB7981A1C}"
EndProject
Project("{FAE04EC0-301F-11D3-BF4B-00C04F79EFBC}") = "System.Web.WebPages", "..\Mvc\src\System.Web.WebPages\System.Web.WebPages.csproj", "{76EFA9C5-8D7E-4FDF-B710-E20F8B6B00D2}"
EndProject
Project("{FAE04EC0-301F-11D3-BF4B-00C04F79EFBC}") = "System.Web.WebPages.Razor", "..\Mvc\src\System.Web.WebPages.Razor\System.Web.WebPages.Razor.csproj", "{0939B11A-FE4E-4BA1-8AD6-D97741EE314F}"
EndProject
Global
	GlobalSection(SolutionConfigurationPlatforms) = preSolution
		CodeAnalysis|Any CPU = CodeAnalysis|Any CPU
		Debug|Any CPU = Debug|Any CPU
		Release|Any CPU = Release|Any CPU
	EndGlobalSection
	GlobalSection(ProjectConfigurationPlatforms) = postSolution
		{3A732219-72CE-49B8-84F6-FE74E3762EE7}.CodeAnalysis|Any CPU.ActiveCfg = Release|Any CPU
		{3A732219-72CE-49B8-84F6-FE74E3762EE7}.CodeAnalysis|Any CPU.Build.0 = Release|Any CPU
		{3A732219-72CE-49B8-84F6-FE74E3762EE7}.Debug|Any CPU.ActiveCfg = Debug|Any CPU
		{3A732219-72CE-49B8-84F6-FE74E3762EE7}.Debug|Any CPU.Build.0 = Debug|Any CPU
		{3A732219-72CE-49B8-84F6-FE74E3762EE7}.Release|Any CPU.ActiveCfg = Release|Any CPU
		{3A732219-72CE-49B8-84F6-FE74E3762EE7}.Release|Any CPU.Build.0 = Release|Any CPU
		{A1C3A88B-8C35-4677-B83F-E61FEAAD604A}.CodeAnalysis|Any CPU.ActiveCfg = Release|Any CPU
		{A1C3A88B-8C35-4677-B83F-E61FEAAD604A}.CodeAnalysis|Any CPU.Build.0 = Release|Any CPU
		{A1C3A88B-8C35-4677-B83F-E61FEAAD604A}.Debug|Any CPU.ActiveCfg = Debug|Any CPU
		{A1C3A88B-8C35-4677-B83F-E61FEAAD604A}.Debug|Any CPU.Build.0 = Debug|Any CPU
		{A1C3A88B-8C35-4677-B83F-E61FEAAD604A}.Release|Any CPU.ActiveCfg = Release|Any CPU
		{A1C3A88B-8C35-4677-B83F-E61FEAAD604A}.Release|Any CPU.Build.0 = Release|Any CPU
		{E3BFF8B4-189C-496A-A817-7E8B31E22B91}.CodeAnalysis|Any CPU.ActiveCfg = Release|Any CPU
		{E3BFF8B4-189C-496A-A817-7E8B31E22B91}.CodeAnalysis|Any CPU.Build.0 = Release|Any CPU
		{E3BFF8B4-189C-496A-A817-7E8B31E22B91}.Debug|Any CPU.ActiveCfg = Debug|Any CPU
		{E3BFF8B4-189C-496A-A817-7E8B31E22B91}.Debug|Any CPU.Build.0 = Debug|Any CPU
		{E3BFF8B4-189C-496A-A817-7E8B31E22B91}.Release|Any CPU.ActiveCfg = Release|Any CPU
		{E3BFF8B4-189C-496A-A817-7E8B31E22B91}.Release|Any CPU.Build.0 = Release|Any CPU
		{A19E6F3F-A25B-4B01-8922-CF0CC35C781D}.CodeAnalysis|Any CPU.ActiveCfg = Release|Any CPU
		{A19E6F3F-A25B-4B01-8922-CF0CC35C781D}.CodeAnalysis|Any CPU.Build.0 = Release|Any CPU
		{A19E6F3F-A25B-4B01-8922-CF0CC35C781D}.Debug|Any CPU.ActiveCfg = Debug|Any CPU
		{A19E6F3F-A25B-4B01-8922-CF0CC35C781D}.Debug|Any CPU.Build.0 = Debug|Any CPU
		{A19E6F3F-A25B-4B01-8922-CF0CC35C781D}.Release|Any CPU.ActiveCfg = Release|Any CPU
		{A19E6F3F-A25B-4B01-8922-CF0CC35C781D}.Release|Any CPU.Build.0 = Release|Any CPU
		{72944A6C-45FF-4EF8-B349-8C9CABF519D4}.CodeAnalysis|Any CPU.ActiveCfg = Release|Any CPU
		{72944A6C-45FF-4EF8-B349-8C9CABF519D4}.CodeAnalysis|Any CPU.Build.0 = Release|Any CPU
		{72944A6C-45FF-4EF8-B349-8C9CABF519D4}.Debug|Any CPU.ActiveCfg = Debug|Any CPU
		{72944A6C-45FF-4EF8-B349-8C9CABF519D4}.Debug|Any CPU.Build.0 = Debug|Any CPU
		{72944A6C-45FF-4EF8-B349-8C9CABF519D4}.Release|Any CPU.ActiveCfg = Release|Any CPU
		{72944A6C-45FF-4EF8-B349-8C9CABF519D4}.Release|Any CPU.Build.0 = Release|Any CPU
		{319FB69F-6C2B-4697-8B53-1B48DC18AC32}.CodeAnalysis|Any CPU.ActiveCfg = Release|Any CPU
		{319FB69F-6C2B-4697-8B53-1B48DC18AC32}.CodeAnalysis|Any CPU.Build.0 = Release|Any CPU
		{319FB69F-6C2B-4697-8B53-1B48DC18AC32}.Debug|Any CPU.ActiveCfg = Debug|Any CPU
		{319FB69F-6C2B-4697-8B53-1B48DC18AC32}.Debug|Any CPU.Build.0 = Debug|Any CPU
		{319FB69F-6C2B-4697-8B53-1B48DC18AC32}.Release|Any CPU.ActiveCfg = Release|Any CPU
		{319FB69F-6C2B-4697-8B53-1B48DC18AC32}.Release|Any CPU.Build.0 = Release|Any CPU
		{2A467118-E885-44FC-B7AF-DFAD937F6012}.CodeAnalysis|Any CPU.ActiveCfg = Release|Any CPU
		{2A467118-E885-44FC-B7AF-DFAD937F6012}.CodeAnalysis|Any CPU.Build.0 = Release|Any CPU
		{2A467118-E885-44FC-B7AF-DFAD937F6012}.Debug|Any CPU.ActiveCfg = Debug|Any CPU
		{2A467118-E885-44FC-B7AF-DFAD937F6012}.Debug|Any CPU.Build.0 = Debug|Any CPU
		{2A467118-E885-44FC-B7AF-DFAD937F6012}.Release|Any CPU.ActiveCfg = Release|Any CPU
		{2A467118-E885-44FC-B7AF-DFAD937F6012}.Release|Any CPU.Build.0 = Release|Any CPU
		{C46EDD61-C202-465A-93F1-ADE20A83BB59}.CodeAnalysis|Any CPU.ActiveCfg = Release|Any CPU
		{C46EDD61-C202-465A-93F1-ADE20A83BB59}.CodeAnalysis|Any CPU.Build.0 = Release|Any CPU
		{C46EDD61-C202-465A-93F1-ADE20A83BB59}.Debug|Any CPU.ActiveCfg = Debug|Any CPU
		{C46EDD61-C202-465A-93F1-ADE20A83BB59}.Debug|Any CPU.Build.0 = Debug|Any CPU
		{C46EDD61-C202-465A-93F1-ADE20A83BB59}.Release|Any CPU.ActiveCfg = Release|Any CPU
		{C46EDD61-C202-465A-93F1-ADE20A83BB59}.Release|Any CPU.Build.0 = Release|Any CPU
		{7311850F-619A-4241-B09F-157792C75FBA}.CodeAnalysis|Any CPU.ActiveCfg = Release|Any CPU
		{7311850F-619A-4241-B09F-157792C75FBA}.CodeAnalysis|Any CPU.Build.0 = Release|Any CPU
		{7311850F-619A-4241-B09F-157792C75FBA}.Debug|Any CPU.ActiveCfg = Debug|Any CPU
		{7311850F-619A-4241-B09F-157792C75FBA}.Debug|Any CPU.Build.0 = Debug|Any CPU
		{7311850F-619A-4241-B09F-157792C75FBA}.Release|Any CPU.ActiveCfg = Release|Any CPU
		{7311850F-619A-4241-B09F-157792C75FBA}.Release|Any CPU.Build.0 = Release|Any CPU
		{3D3FFD8A-624D-4E9B-954B-E1C105507975}.CodeAnalysis|Any CPU.ActiveCfg = CodeAnalysis|Any CPU
		{3D3FFD8A-624D-4E9B-954B-E1C105507975}.CodeAnalysis|Any CPU.Build.0 = CodeAnalysis|Any CPU
		{3D3FFD8A-624D-4E9B-954B-E1C105507975}.Debug|Any CPU.ActiveCfg = Debug|Any CPU
		{3D3FFD8A-624D-4E9B-954B-E1C105507975}.Debug|Any CPU.Build.0 = Debug|Any CPU
		{3D3FFD8A-624D-4E9B-954B-E1C105507975}.Release|Any CPU.ActiveCfg = Release|Any CPU
		{3D3FFD8A-624D-4E9B-954B-E1C105507975}.Release|Any CPU.Build.0 = Release|Any CPU
		{50DC9191-2D18-4EDB-A929-4ECAB7981A1C}.CodeAnalysis|Any CPU.ActiveCfg = Debug|Any CPU
		{50DC9191-2D18-4EDB-A929-4ECAB7981A1C}.CodeAnalysis|Any CPU.Build.0 = Debug|Any CPU
		{50DC9191-2D18-4EDB-A929-4ECAB7981A1C}.Debug|Any CPU.ActiveCfg = Debug|Any CPU
		{50DC9191-2D18-4EDB-A929-4ECAB7981A1C}.Debug|Any CPU.Build.0 = Debug|Any CPU
		{50DC9191-2D18-4EDB-A929-4ECAB7981A1C}.Release|Any CPU.ActiveCfg = Debug|Any CPU
		{50DC9191-2D18-4EDB-A929-4ECAB7981A1C}.Release|Any CPU.Build.0 = Debug|Any CPU
		{76EFA9C5-8D7E-4FDF-B710-E20F8B6B00D2}.CodeAnalysis|Any CPU.ActiveCfg = CodeAnalysis|Any CPU
		{76EFA9C5-8D7E-4FDF-B710-E20F8B6B00D2}.CodeAnalysis|Any CPU.Build.0 = CodeAnalysis|Any CPU
		{76EFA9C5-8D7E-4FDF-B710-E20F8B6B00D2}.Debug|Any CPU.ActiveCfg = Debug|Any CPU
		{76EFA9C5-8D7E-4FDF-B710-E20F8B6B00D2}.Debug|Any CPU.Build.0 = Debug|Any CPU
		{76EFA9C5-8D7E-4FDF-B710-E20F8B6B00D2}.Release|Any CPU.ActiveCfg = Release|Any CPU
		{76EFA9C5-8D7E-4FDF-B710-E20F8B6B00D2}.Release|Any CPU.Build.0 = Release|Any CPU
		{0939B11A-FE4E-4BA1-8AD6-D97741EE314F}.CodeAnalysis|Any CPU.ActiveCfg = CodeAnalysis|Any CPU
		{0939B11A-FE4E-4BA1-8AD6-D97741EE314F}.CodeAnalysis|Any CPU.Build.0 = CodeAnalysis|Any CPU
		{0939B11A-FE4E-4BA1-8AD6-D97741EE314F}.Debug|Any CPU.ActiveCfg = Debug|Any CPU
		{0939B11A-FE4E-4BA1-8AD6-D97741EE314F}.Debug|Any CPU.Build.0 = Debug|Any CPU
		{0939B11A-FE4E-4BA1-8AD6-D97741EE314F}.Release|Any CPU.ActiveCfg = Release|Any CPU
		{0939B11A-FE4E-4BA1-8AD6-D97741EE314F}.Release|Any CPU.Build.0 = Release|Any CPU
	EndGlobalSection
	GlobalSection(SolutionProperties) = preSolution
		HideSolutionNode = FALSE
	EndGlobalSection
	GlobalSection(NestedProjects) = preSolution
		{E3BFF8B4-189C-496A-A817-7E8B31E22B91} = {D80D880C-82A4-468E-8006-0D73A0F73665}
		{A19E6F3F-A25B-4B01-8922-CF0CC35C781D} = {D80D880C-82A4-468E-8006-0D73A0F73665}
		{72944A6C-45FF-4EF8-B349-8C9CABF519D4} = {D80D880C-82A4-468E-8006-0D73A0F73665}
		{2A467118-E885-44FC-B7AF-DFAD937F6012} = {D80D880C-82A4-468E-8006-0D73A0F73665}
		{C46EDD61-C202-465A-93F1-ADE20A83BB59} = {D80D880C-82A4-468E-8006-0D73A0F73665}
		{7311850F-619A-4241-B09F-157792C75FBA} = {D80D880C-82A4-468E-8006-0D73A0F73665}
		{3D3FFD8A-624D-4E9B-954B-E1C105507975} = {44166DA6-7592-42A4-AD9C-899D0640EF2B}
		{50DC9191-2D18-4EDB-A929-4ECAB7981A1C} = {44166DA6-7592-42A4-AD9C-899D0640EF2B}
		{76EFA9C5-8D7E-4FDF-B710-E20F8B6B00D2} = {44166DA6-7592-42A4-AD9C-899D0640EF2B}
		{0939B11A-FE4E-4BA1-8AD6-D97741EE314F} = {44166DA6-7592-42A4-AD9C-899D0640EF2B}
	EndGlobalSection
EndGlobal
